Microsoft Visual Studio Solution File, Format Version 12.00
# Visual Studio Version 17
VisualStudioVersion = 17.5.2.0
MinimumVisualStudioVersion = 10.0.40219.1
Project("{FAE04EC0-301F-11D3-BF4B-00C04F79EFBC}") = "TestMcpApi", "TestMcpApi.csproj", "{64A6796E-C4DF-F9C9-2A3D-14EFD8ECCACE}"
EndProject
Global
	GlobalSection(SolutionConfigurationPlatforms) = preSolution
		Debug|Any CPU = Debug|Any CPU
		Release|Any CPU = Release|Any CPU
	EndGlobalSection
	GlobalSection(ProjectConfigurationPlatforms) = postSolution
		{64A6796E-C4DF-F9C9-2A3D-14EFD8ECCACE}.Debug|Any CPU.ActiveCfg = Debug|Any CPU
		{64A6796E-C4DF-F9C9-2A3D-14EFD8ECCACE}.Debug|Any CPU.Build.0 = Debug|Any CPU
		{64A6796E-C4DF-F9C9-2A3D-14EFD8ECCACE}.Release|Any CPU.ActiveCfg = Release|Any CPU
		{64A6796E-C4DF-F9C9-2A3D-14EFD8ECCACE}.Release|Any CPU.Build.0 = Release|Any CPU
	EndGlobalSection
	GlobalSection(SolutionProperties) = preSolution
		HideSolutionNode = FALSE
	EndGlobalSection
	GlobalSection(ExtensibilityGlobals) = postSolution
		SolutionGuid = {45EA2579-03EE-4496-B58E-CE2A94775FE5}
	EndGlobalSection
EndGlobal
